
Microsoft Visual Studio Solution File, Format Version 12.00
# Visual Studio 15
VisualStudioVersion = 15.0.27004.2005
MinimumVisualStudioVersion = 10.0.40219.1
Project("{FAE04EC0-301F-11D3-BF4B-00C04F79EFBC}") = "FootballApp", "footballApp\FootballApp.csproj", "{00F6D3F2-8324-4D51-BEE5-B26E857599E4}"
EndProject
Project("{FAE04EC0-301F-11D3-BF4B-00C04F79EFBC}") = "footballApiTest", "footballApiTest\footballApiTest.csproj", "{2A1ADDDA-6C13-4B99-9501-C9F9CA3913E8}"
EndProject
Global
	GlobalSection(SolutionConfigurationPlatforms) = preSolution
		Debug|Any CPU = Debug|Any CPU
		Release|Any CPU = Release|Any CPU
	EndGlobalSection
	GlobalSection(ProjectConfigurationPlatforms) = postSolution
		{00F6D3F2-8324-4D51-BEE5-B26E857599E4}.Debug|Any CPU.ActiveCfg = Debug|Any CPU
		{00F6D3F2-8324-4D51-BEE5-B26E857599E4}.Debug|Any CPU.Build.0 = Debug|Any CPU
		{00F6D3F2-8324-4D51-BEE5-B26E857599E4}.Release|Any CPU.ActiveCfg = Release|Any CPU
		{00F6D3F2-8324-4D51-BEE5-B26E857599E4}.Release|Any CPU.Build.0 = Release|Any CPU
		{2A1ADDDA-6C13-4B99-9501-C9F9CA3913E8}.Debug|Any CPU.ActiveCfg = Debug|Any CPU
		{2A1ADDDA-6C13-4B99-9501-C9F9CA3913E8}.Debug|Any CPU.Build.0 = Debug|Any CPU
		{2A1ADDDA-6C13-4B99-9501-C9F9CA3913E8}.Release|Any CPU.ActiveCfg = Release|Any CPU
		{2A1ADDDA-6C13-4B99-9501-C9F9CA3913E8}.Release|Any CPU.Build.0 = Release|Any CPU
	EndGlobalSection
	GlobalSection(SolutionProperties) = preSolution
		HideSolutionNode = FALSE
	EndGlobalSection
	GlobalSection(ExtensibilityGlobals) = postSolution
		SolutionGuid = {0D05A2EA-D07A-4229-90EF-C63E489C0410}
	EndGlobalSection
EndGlobal
